
Microsoft Visual Studio Solution File, Format Version 12.00
# Visual Studio Version 17
VisualStudioVersion = 17.3.32901.215
MinimumVisualStudioVersion = 10.0.40219.1
Project("{8BC9CEB8-8B4A-11D0-8D11-00A0C91BC942}") = "chisl_1", "chisl_1\chisl_1.vcxproj", "{500850DB-AC76-4432-80DE-18400B3CF706}"
EndProject
Global
	GlobalSection(SolutionConfigurationPlatforms) = preSolution
		Debug|x64 = Debug|x64
		Debug|x86 = Debug|x86
		Release|x64 = Release|x64
		Release|x86 = Release|x86
	EndGlobalSection
	GlobalSection(ProjectConfigurationPlatforms) = postSolution
		{500850DB-AC76-4432-80DE-18400B3CF706}.Debug|x64.ActiveCfg = Debug|x64
		{500850DB-AC76-4432-80DE-18400B3CF706}.Debug|x64.Build.0 = Debug|x64
		{500850DB-AC76-4432-80DE-18400B3CF706}.Debug|x86.ActiveCfg = Debug|Win32
		{500850DB-AC76-4432-80DE-18400B3CF706}.Debug|x86.Build.0 = Debug|Win32
		{500850DB-AC76-4432-80DE-18400B3CF706}.Release|x64.ActiveCfg = Release|x64
		{500850DB-AC76-4432-80DE-18400B3CF706}.Release|x64.Build.0 = Release|x64
		{500850DB-AC76-4432-80DE-18400B3CF706}.Release|x86.ActiveCfg = Release|Win32
		{500850DB-AC76-4432-80DE-18400B3CF706}.Release|x86.Build.0 = Release|Win32
	EndGlobalSection
	GlobalSection(SolutionProperties) = preSolution
		HideSolutionNode = FALSE
	EndGlobalSection
	GlobalSection(ExtensibilityGlobals) = postSolution
		SolutionGuid = {66B82821-F4E0-4148-81D6-FFF8C3743807}
	EndGlobalSection
EndGlobal
